// !$*UTF8*$!
{
	archiveVersion = 1;
	classes = {
	};
	objectVersion = 77;
	objects = {

/* Begin PBXBuildFile section */
		03EC11F3F6298B75C0D6529D /* SnapZone.swift in Sources */ = {isa = PBXBuildFile; fileRef = 54C488B7F9840C5AE3DA2543 /* SnapZone.swift */; };
		07C870E70005B11FF2741ECC /* Assets.xcassets in Resources */ = {isa = PBXBuildFile; fileRef = B70949A2BD442A588209F0E0 /* Assets.xcassets */; };
		0D106FAEF82DADC76CF861AA /* WindowTracker.swift in Sources */ = {isa = PBXBuildFile; fileRef = 62DF550A8E611C1213853068 /* WindowTracker.swift */; };
		18355A0A347D29C56BAC702A /* DragSnapController.swift in Sources */ = {isa = PBXBuildFile; fileRef = A4BDB5BF05B1F58184C0E9ED /* DragSnapController.swift */; };
		1A90034DF2C291B075BF6F68 /* SnapCore.framework in Frameworks */ = {isa = PBXBuildFile; fileRef = AA9B25669906B0554DE0A646 /* SnapCore.framework */; };
		24287B7066231556029635FF /* SnapPreviewOverlay.swift in Sources */ = {isa = PBXBuildFile; fileRef = 789D7546CA6301EE3C8CC8F3 /* SnapPreviewOverlay.swift */; };
		27DCD2D84D7B15FB9C89EFB1 /* SnapPicker.swift in Sources */ = {isa = PBXBuildFile; fileRef = 610BEA73100CE29D0A219206 /* SnapPicker.swift */; };
		35568DCB7D94C0AFE8CB5328 /* AppSettings.swift in Sources */ = {isa = PBXBuildFile; fileRef = 840C51C23E8B452A944A6262 /* AppSettings.swift */; };
		3ED94D46667C5AFD2CB7741E /* AccessibilityPermission.swift in Sources */ = {isa = PBXBuildFile; fileRef = BC932B2077676717CE4DADEB /* AccessibilityPermission.swift */; };
		493EE8C5BD2356D8CC521179 /* Screens.swift in Sources */ = {isa = PBXBuildFile; fileRef = FEECA36C6110A297A761CF92 /* Screens.swift */; };
		4AF0DE163FDBD7ECFF3EBE7F /* DragRestore.swift in Sources */ = {isa = PBXBuildFile; fileRef = 396C5685449DCF54DDC4E611 /* DragRestore.swift */; };
		54F1ED140049FDF2CD1D6033 /* ShortcutRecorder.swift in Sources */ = {isa = PBXBuildFile; fileRef = F5D808C54DF8A57F54A2EA02 /* ShortcutRecorder.swift */; };
		5B169AABA5CC919128A326D7 /* DragZoneDetector.swift in Sources */ = {isa = PBXBuildFile; fileRef = F382BA317AB6F828F35B5D52 /* DragZoneDetector.swift */; };
		5C842FACC4D517102FA98609 /* SnapCore.framework in Embed Frameworks */ = {isa = PBXBuildFile; fileRef = AA9B25669906B0554DE0A646 /* SnapCore.framework */; settings = {ATTRIBUTES = (CodeSignOnCopy, RemoveHeadersOnCopy, ); }; };
		5DC3BF3ECA1E827205CEB52A /* CoordinateAndScreenTests.swift in Sources */ = {isa = PBXBuildFile; fileRef = 3A8950F2E3D42B3A174A2908 /* CoordinateAndScreenTests.swift */; };
		5E2B5766941DAE1380447C4A /* GridPlanner.swift in Sources */ = {isa = PBXBuildFile; fileRef = C68340FD57CD51452BF7A56A /* GridPlanner.swift */; };
		5F6EF6AF99DCB53513457B48 /* PreferencesStore.swift in Sources */ = {isa = PBXBuildFile; fileRef = 6352CDCF077B8CC18EE73D13 /* PreferencesStore.swift */; };
		60612528E12049031B5BB0B4 /* SnapCycle.swift in Sources */ = {isa = PBXBuildFile; fileRef = 7433B7B747C73EFCE74EB035 /* SnapCycle.swift */; };
		6140C48CE3E31BDF6317F165 /* HUD.swift in Sources */ = {isa = PBXBuildFile; fileRef = 9A2938058ED8F3163D9FD3E3 /* HUD.swift */; };
		66B901B89E6CDD553EA16DE7 /* LayoutEngineTests.swift in Sources */ = {isa = PBXBuildFile; fileRef = 66D019629D78886A582610E2 /* LayoutEngineTests.swift */; };
		66D8B0EDE0727F7BD9718891 /* Updater.swift in Sources */ = {isa = PBXBuildFile; fileRef = 13BC09FBF63277CB4668AB28 /* Updater.swift */; };
		68D9AA1F62EE72745BB87ED4 /* OnboardingView.swift in Sources */ = {isa = PBXBuildFile; fileRef = 5E4683DF0C0FA6894685D5E8 /* OnboardingView.swift */; };
		70504A69B3B37ED2009DC66A /* SavedLayout.swift in Sources */ = {isa = PBXBuildFile; fileRef = 98BBD0FFA9625762E9CD9B65 /* SavedLayout.swift */; };
		7834D4A4813C688E038B92B3 /* SnapCore.framework in Embed Frameworks */ = {isa = PBXBuildFile; fileRef = AA9B25669906B0554DE0A646 /* SnapCore.framework */; settings = {ATTRIBUTES = (CodeSignOnCopy, RemoveHeadersOnCopy, ); }; };
		9931B230148B3B4A48738DDD /* HotKeyModel.swift in Sources */ = {isa = PBXBuildFile; fileRef = 5F87A38F013597AD07544C23 /* HotKeyModel.swift */; };
		A0DFAC5378051830E9A39874 /* AppDelegate.swift in Sources */ = {isa = PBXBuildFile; fileRef = 0B6FDEFFAF1518B8E88483D3 /* AppDelegate.swift */; };
		AB802B7ED78066260142BE42 /* HotKeyManager.swift in Sources */ = {isa = PBXBuildFile; fileRef = 4FAD27EEF892C5C2BB475AF5 /* HotKeyManager.swift */; };
		B39A891CFCAC131C7A8BBDF7 /* CoordinateConverter.swift in Sources */ = {isa = PBXBuildFile; fileRef = DA521AE66C950A6135CBAEF0 /* CoordinateConverter.swift */; };
		BC73F7880D6C4C9DFEAAD54B /* Sparkle in Frameworks */ = {isa = PBXBuildFile; productRef = 56CBFEA61290597BE8DE0000 /* Sparkle */; };
		BDBDD3FDD5D4DCD52CF8D44F /* FeatureLogicTests.swift in Sources */ = {isa = PBXBuildFile; fileRef = EA0DAA52372A24FEB2B435DC /* FeatureLogicTests.swift */; };
		BF9EE87B13B1641ABE77BFB2 /* AXWindow.swift in Sources */ = {isa = PBXBuildFile; fileRef = EFEA4C845775FD6C3338E904 /* AXWindow.swift */; };
		CDE46A8256822E202BF9B81C /* MenuBarController.swift in Sources */ = {isa = PBXBuildFile; fileRef = B8B8BE1A4DEA2D6969F575E6 /* MenuBarController.swift */; };
		CF72F7624376FBD919E093FD /* ScreenMath.swift in Sources */ = {isa = PBXBuildFile; fileRef = 0E43293C93D387DCBE6F72AA /* ScreenMath.swift */; };
		D2E63679B3E8F86AE3C711E1 /* WindowManager.swift in Sources */ = {isa = PBXBuildFile; fileRef = 8C3E6F05F49A4300A6C67FE6 /* WindowManager.swift */; };
		D9F9A028259B1FC28D65A212 /* SettingsView.swift in Sources */ = {isa = PBXBuildFile; fileRef = B22E639D85C7BEBFB9A1123A /* SettingsView.swift */; };
		E2517D30B0E369D2E2936651 /* GridPlannerTests.swift in Sources */ = {isa = PBXBuildFile; fileRef = CFDB78A36CBE5188A1C4E190 /* GridPlannerTests.swift */; };
		F7FCD98BB12D1498398770FD /* LayoutEngine.swift in Sources */ = {isa = PBXBuildFile; fileRef = 167C1E7602A0D0D62F210B48 /* LayoutEngine.swift */; };
		FA3EDA7C43EADF6815211D8C /* SnapCore.framework in Frameworks */ = {isa = PBXBuildFile; fileRef = AA9B25669906B0554DE0A646 /* SnapCore.framework */; };
		FEC6C4C818AAC82DEA32F1C4 /* TitleBarMenuController.swift in Sources */ = {isa = PBXBuildFile; fileRef = 29EC893084A3DDD9DB59C890 /* TitleBarMenuController.swift */; };
/* End PBXBuildFile section */

/* Begin PBXContainerItemProxy section */
		2E59BB957FCD26F455D0CD77 /* PBXContainerItemProxy */ = {
			isa = PBXContainerItemProxy;
			containerPortal = 6CADC6DBC4631149826F24DC /* Project object */;
			proxyType = 1;
			remoteGlobalIDString = DC1E87319ADE7FFEA0E6D378;
			remoteInfo = SnapCore;
		};
		B183C0ED7F4D9F66C778C290 /* PBXContainerItemProxy */ = {
			isa = PBXContainerItemProxy;
			containerPortal = 6CADC6DBC4631149826F24DC /* Project object */;
			proxyType = 1;
			remoteGlobalIDString = DC1E87319ADE7FFEA0E6D378;
			remoteInfo = SnapCore;
		};
/* End PBXContainerItemProxy section */

/* Begin PBXCopyFilesBuildPhase section */
		625007DEB0A79BD836239F3A /* Embed Frameworks */ = {
			isa = PBXCopyFilesBuildPhase;
			buildActionMask = 2147483647;
			dstPath = "";
			dstSubfolderSpec = 10;
			files = (
				7834D4A4813C688E038B92B3 /* SnapCore.framework in Embed Frameworks */,
			);
			name = "Embed Frameworks";
			runOnlyForDeploymentPostprocessing = 0;
		};
		70016D69859D0D6EED24F0AF /* Embed Frameworks */ = {
			isa = PBXCopyFilesBuildPhase;
			buildActionMask = 2147483647;
			dstPath = "";
			dstSubfolderSpec = 10;
			files = (
				5C842FACC4D517102FA98609 /* SnapCore.framework in Embed Frameworks */,
			);
			name = "Embed Frameworks";
			runOnlyForDeploymentPostprocessing = 0;
		};
/* End PBXCopyFilesBuildPhase section */

/* Begin PBXFileReference section */
		0B6FDEFFAF1518B8E88483D3 /* AppDelegate.swift */ = {isa = PBXFileReference; lastKnownFileType = sourcecode.swift; path = AppDelegate.swift; sourceTree = "<group>"; };
		0E43293C93D387DCBE6F72AA /* ScreenMath.swift */ = {isa = PBXFileReference; lastKnownFileType = sourcecode.swift; path = ScreenMath.swift; sourceTree = "<group>"; };
		13BC09FBF63277CB4668AB28 /* Updater.swift */ = {isa = PBXFileReference; lastKnownFileType = sourcecode.swift; path = Updater.swift; sourceTree = "<group>"; };
		167C1E7602A0D0D62F210B48 /* LayoutEngine.swift */ = {isa = PBXFileReference; lastKnownFileType = sourcecode.swift; path = LayoutEngine.swift; sourceTree = "<group>"; };
		187CC3A3641AE994E3D3612F /* SnapCoreTests.xctest */ = {isa = PBXFileReference; explicitFileType = wrapper.cfbundle; includeInIndex = 0; path = SnapCoreTests.xctest; sourceTree = BUILT_PRODUCTS_DIR; };
		29EC893084A3DDD9DB59C890 /* TitleBarMenuController.swift */ = {isa = PBXFileReference; lastKnownFileType = sourcecode.swift; path = TitleBarMenuController.swift; sourceTree = "<group>"; };
		396C5685449DCF54DDC4E611 /* DragRestore.swift */ = {isa = PBXFileReference; lastKnownFileType = sourcecode.swift; path = DragRestore.swift; sourceTree = "<group>"; };
		3A8950F2E3D42B3A174A2908 /* CoordinateAndScreenTests.swift */ = {isa = PBXFileReference; lastKnownFileType = sourcecode.swift; path = CoordinateAndScreenTests.swift; sourceTree = "<group>"; };
		4FAD27EEF892C5C2BB475AF5 /* HotKeyManager.swift */ = {isa = PBXFileReference; lastKnownFileType = sourcecode.swift; path = HotKeyManager.swift; sourceTree = "<group>"; };
		54C488B7F9840C5AE3DA2543 /* SnapZone.swift */ = {isa = PBXFileReference; lastKnownFileType = sourcecode.swift; path = SnapZone.swift; sourceTree = "<group>"; };
		5E4683DF0C0FA6894685D5E8 /* OnboardingView.swift */ = {isa = PBXFileReference; lastKnownFileType = sourcecode.swift; path = OnboardingView.swift; sourceTree = "<group>"; };
		5F87A38F013597AD07544C23 /* HotKeyModel.swift */ = {isa = PBXFileReference; lastKnownFileType = sourcecode.swift; path = HotKeyModel.swift; sourceTree = "<group>"; };
		610BEA73100CE29D0A219206 /* SnapPicker.swift */ = {isa = PBXFileReference; lastKnownFileType = sourcecode.swift; path = SnapPicker.swift; sourceTree = "<group>"; };
		62DF550A8E611C1213853068 /* WindowTracker.swift */ = {isa = PBXFileReference; lastKnownFileType = sourcecode.swift; path = WindowTracker.swift; sourceTree = "<group>"; };
		6352CDCF077B8CC18EE73D13 /* PreferencesStore.swift */ = {isa = PBXFileReference; lastKnownFileType = sourcecode.swift; path = PreferencesStore.swift; sourceTree = "<group>"; };
		66D019629D78886A582610E2 /* LayoutEngineTests.swift */ = {isa = PBXFileReference; lastKnownFileType = sourcecode.swift; path = LayoutEngineTests.swift; sourceTree = "<group>"; };
		6CC549F7E7E7209513276D63 /* RedSnapper.app */ = {isa = PBXFileReference; explicitFileType = wrapper.application; includeInIndex = 0; path = RedSnapper.app; sourceTree = BUILT_PRODUCTS_DIR; };
		7433B7B747C73EFCE74EB035 /* SnapCycle.swift */ = {isa = PBXFileReference; lastKnownFileType = sourcecode.swift; path = SnapCycle.swift; sourceTree = "<group>"; };
		789D7546CA6301EE3C8CC8F3 /* SnapPreviewOverlay.swift */ = {isa = PBXFileReference; lastKnownFileType = sourcecode.swift; path = SnapPreviewOverlay.swift; sourceTree = "<group>"; };
		840C51C23E8B452A944A6262 /* AppSettings.swift */ = {isa = PBXFileReference; lastKnownFileType = sourcecode.swift; path = AppSettings.swift; sourceTree = "<group>"; };
		8C3E6F05F49A4300A6C67FE6 /* WindowManager.swift */ = {isa = PBXFileReference; lastKnownFileType = sourcecode.swift; path = WindowManager.swift; sourceTree = "<group>"; };
		98BBD0FFA9625762E9CD9B65 /* SavedLayout.swift */ = {isa = PBXFileReference; lastKnownFileType = sourcecode.swift; path = SavedLayout.swift; sourceTree = "<group>"; };
		9A2938058ED8F3163D9FD3E3 /* HUD.swift */ = {isa = PBXFileReference; lastKnownFileType = sourcecode.swift; path = HUD.swift; sourceTree = "<group>"; };
		A4BDB5BF05B1F58184C0E9ED /* DragSnapController.swift */ = {isa = PBXFileReference; lastKnownFileType = sourcecode.swift; path = DragSnapController.swift; sourceTree = "<group>"; };
		AA9B25669906B0554DE0A646 /* SnapCore.framework */ = {isa = PBXFileReference; explicitFileType = wrapper.framework; includeInIndex = 0; path = SnapCore.framework; sourceTree = BUILT_PRODUCTS_DIR; };
		B22E639D85C7BEBFB9A1123A /* SettingsView.swift */ = {isa = PBXFileReference; lastKnownFileType = sourcecode.swift; path = SettingsView.swift; sourceTree = "<group>"; };
		B70949A2BD442A588209F0E0 /* Assets.xcassets */ = {isa = PBXFileReference; lastKnownFileType = folder.assetcatalog; path = Assets.xcassets; sourceTree = "<group>"; };
		B8B8BE1A4DEA2D6969F575E6 /* MenuBarController.swift */ = {isa = PBXFileReference; lastKnownFileType = sourcecode.swift; path = MenuBarController.swift; sourceTree = "<group>"; };
		BC932B2077676717CE4DADEB /* AccessibilityPermission.swift */ = {isa = PBXFileReference; lastKnownFileType = sourcecode.swift; path = AccessibilityPermission.swift; sourceTree = "<group>"; };
		C68340FD57CD51452BF7A56A /* GridPlanner.swift */ = {isa = PBXFileReference; lastKnownFileType = sourcecode.swift; path = GridPlanner.swift; sourceTree = "<group>"; };
		CFDB78A36CBE5188A1C4E190 /* GridPlannerTests.swift */ = {isa = PBXFileReference; lastKnownFileType = sourcecode.swift; path = GridPlannerTests.swift; sourceTree = "<group>"; };
		DA521AE66C950A6135CBAEF0 /* CoordinateConverter.swift */ = {isa = PBXFileReference; lastKnownFileType = sourcecode.swift; path = CoordinateConverter.swift; sourceTree = "<group>"; };
		EA0DAA52372A24FEB2B435DC /* FeatureLogicTests.swift */ = {isa = PBXFileReference; lastKnownFileType = sourcecode.swift; path = FeatureLogicTests.swift; sourceTree = "<group>"; };
		EFEA4C845775FD6C3338E904 /* AXWindow.swift */ = {isa = PBXFileReference; lastKnownFileType = sourcecode.swift; path = AXWindow.swift; sourceTree = "<group>"; };
		F382BA317AB6F828F35B5D52 /* DragZoneDetector.swift */ = {isa = PBXFileReference; lastKnownFileType = sourcecode.swift; path = DragZoneDetector.swift; sourceTree = "<group>"; };
		F5D808C54DF8A57F54A2EA02 /* ShortcutRecorder.swift */ = {isa = PBXFileReference; lastKnownFileType = sourcecode.swift; path = ShortcutRecorder.swift; sourceTree = "<group>"; };
		FEECA36C6110A297A761CF92 /* Screens.swift */ = {isa = PBXFileReference; lastKnownFileType = sourcecode.swift; path = Screens.swift; sourceTree = "<group>"; };
/* End PBXFileReference section */

/* Begin PBXFrameworksBuildPhase section */
		442E647F7C356E0686D0D7D1 /* Frameworks */ = {
			isa = PBXFrameworksBuildPhase;
			buildActionMask = 2147483647;
			files = (
				1A90034DF2C291B075BF6F68 /* SnapCore.framework in Frameworks */,
			);
			runOnlyForDeploymentPostprocessing = 0;
		};
		D9D26428B610304443EBE49D /* Frameworks */ = {
			isa = PBXFrameworksBuildPhase;
			buildActionMask = 2147483647;
			files = (
				FA3EDA7C43EADF6815211D8C /* SnapCore.framework in Frameworks */,
				BC73F7880D6C4C9DFEAAD54B /* Sparkle in Frameworks */,
			);
			runOnlyForDeploymentPostprocessing = 0;
		};
/* End PBXFrameworksBuildPhase section */

/* Begin PBXGroup section */
		2A05256E46B51BE69FB2BB91 /* RedSnapper */ = {
			isa = PBXGroup;
			children = (
				39B826544B0BD5543F824597 /* Accessibility */,
				F0D52D67B666909B795756EF /* App */,
				EABA751209DA7D601E17DFB4 /* HotKeys */,
				C0CE8C40C1DBAA4FDBB0778F /* Resources */,
				3D274B32375FBF56785D6D81 /* UI */,
			);
			path = RedSnapper;
			sourceTree = "<group>";
		};
		39B826544B0BD5543F824597 /* Accessibility */ = {
			isa = PBXGroup;
			children = (
				BC932B2077676717CE4DADEB /* AccessibilityPermission.swift */,
				EFEA4C845775FD6C3338E904 /* AXWindow.swift */,
				A4BDB5BF05B1F58184C0E9ED /* DragSnapController.swift */,
				FEECA36C6110A297A761CF92 /* Screens.swift */,
				29EC893084A3DDD9DB59C890 /* TitleBarMenuController.swift */,
				8C3E6F05F49A4300A6C67FE6 /* WindowManager.swift */,
				62DF550A8E611C1213853068 /* WindowTracker.swift */,
			);
			path = Accessibility;
			sourceTree = "<group>";
		};
		39DFF7EB73D0B3FA94F12186 /* SnapCore */ = {
			isa = PBXGroup;
			children = (
				DA521AE66C950A6135CBAEF0 /* CoordinateConverter.swift */,
				396C5685449DCF54DDC4E611 /* DragRestore.swift */,
				F382BA317AB6F828F35B5D52 /* DragZoneDetector.swift */,
				C68340FD57CD51452BF7A56A /* GridPlanner.swift */,
				5F87A38F013597AD07544C23 /* HotKeyModel.swift */,
				167C1E7602A0D0D62F210B48 /* LayoutEngine.swift */,
				6352CDCF077B8CC18EE73D13 /* PreferencesStore.swift */,
				98BBD0FFA9625762E9CD9B65 /* SavedLayout.swift */,
				0E43293C93D387DCBE6F72AA /* ScreenMath.swift */,
				7433B7B747C73EFCE74EB035 /* SnapCycle.swift */,
				54C488B7F9840C5AE3DA2543 /* SnapZone.swift */,
			);
			path = SnapCore;
			sourceTree = "<group>";
		};
		3D274B32375FBF56785D6D81 /* UI */ = {
			isa = PBXGroup;
			children = (
				9A2938058ED8F3163D9FD3E3 /* HUD.swift */,
				5E4683DF0C0FA6894685D5E8 /* OnboardingView.swift */,
				B22E639D85C7BEBFB9A1123A /* SettingsView.swift */,
				F5D808C54DF8A57F54A2EA02 /* ShortcutRecorder.swift */,
				610BEA73100CE29D0A219206 /* SnapPicker.swift */,
				789D7546CA6301EE3C8CC8F3 /* SnapPreviewOverlay.swift */,
			);
			path = UI;
			sourceTree = "<group>";
		};
		58EE7FD449A20A34CFE3314D = {
			isa = PBXGroup;
			children = (
				2A05256E46B51BE69FB2BB91 /* RedSnapper */,
				39DFF7EB73D0B3FA94F12186 /* SnapCore */,
				FD887F3B9D1E6208D4AA5690 /* SnapCoreTests */,
				CCC3A6A700E89A4B057F177F /* Products */,
			);
			sourceTree = "<group>";
		};
		C0CE8C40C1DBAA4FDBB0778F /* Resources */ = {
			isa = PBXGroup;
			children = (
				B70949A2BD442A588209F0E0 /* Assets.xcassets */,
			);
			path = Resources;
			sourceTree = "<group>";
		};
		CCC3A6A700E89A4B057F177F /* Products */ = {
			isa = PBXGroup;
			children = (
				6CC549F7E7E7209513276D63 /* RedSnapper.app */,
				AA9B25669906B0554DE0A646 /* SnapCore.framework */,
				187CC3A3641AE994E3D3612F /* SnapCoreTests.xctest */,
			);
			name = Products;
			sourceTree = "<group>";
		};
		EABA751209DA7D601E17DFB4 /* HotKeys */ = {
			isa = PBXGroup;
			children = (
				4FAD27EEF892C5C2BB475AF5 /* HotKeyManager.swift */,
			);
			path = HotKeys;
			sourceTree = "<group>";
		};
		F0D52D67B666909B795756EF /* App */ = {
			isa = PBXGroup;
			children = (
				0B6FDEFFAF1518B8E88483D3 /* AppDelegate.swift */,
				840C51C23E8B452A944A6262 /* AppSettings.swift */,
				B8B8BE1A4DEA2D6969F575E6 /* MenuBarController.swift */,
				13BC09FBF63277CB4668AB28 /* Updater.swift */,
			);
			path = App;
			sourceTree = "<group>";
		};
		FD887F3B9D1E6208D4AA5690 /* SnapCoreTests */ = {
			isa = PBXGroup;
			children = (
				3A8950F2E3D42B3A174A2908 /* CoordinateAndScreenTests.swift */,
				EA0DAA52372A24FEB2B435DC /* FeatureLogicTests.swift */,
				CFDB78A36CBE5188A1C4E190 /* GridPlannerTests.swift */,
				66D019629D78886A582610E2 /* LayoutEngineTests.swift */,
			);
			path = SnapCoreTests;
			sourceTree = "<group>";
		};
/* End PBXGroup section */

/* Begin PBXNativeTarget section */
		3A9812050DDF4A7A46BD21C1 /* SnapCoreTests */ = {
			isa = PBXNativeTarget;
			buildConfigurationList = DEE5E8AA000D88A80480AFE8 /* Build configuration list for PBXNativeTarget "SnapCoreTests" */;
			buildPhases = (
				D1CC109DA8E13CBD20B10F95 /* Sources */,
				442E647F7C356E0686D0D7D1 /* Frameworks */,
				70016D69859D0D6EED24F0AF /* Embed Frameworks */,
			);
			buildRules = (
			);
			dependencies = (
				423D38D72FAE4945299E6B8E /* PBXTargetDependency */,
			);
			name = SnapCoreTests;
			packageProductDependencies = (
			);
			productName = SnapCoreTests;
			productReference = 187CC3A3641AE994E3D3612F /* SnapCoreTests.xctest */;
			productType = "com.apple.product-type.bundle.unit-test";
		};
		C16BFE401B9A97A9FD64EF24 /* RedSnapper */ = {
			isa = PBXNativeTarget;
			buildConfigurationList = 31ED3735FCBBD1A4A06ADD19 /* Build configuration list for PBXNativeTarget "RedSnapper" */;
			buildPhases = (
				5AC9BD6F59B085F2549B5C01 /* Sources */,
				9AA0CD3B2BB0596B707CB32C /* Resources */,
				D9D26428B610304443EBE49D /* Frameworks */,
				625007DEB0A79BD836239F3A /* Embed Frameworks */,
			);
			buildRules = (
			);
			dependencies = (
				2758E3E101408867C3E1DEFB /* PBXTargetDependency */,
			);
			name = RedSnapper;
			packageProductDependencies = (
				56CBFEA61290597BE8DE0000 /* Sparkle */,
			);
			productName = RedSnapper;
			productReference = 6CC549F7E7E7209513276D63 /* RedSnapper.app */;
			productType = "com.apple.product-type.application";
		};
		DC1E87319ADE7FFEA0E6D378 /* SnapCore */ = {
			isa = PBXNativeTarget;
			buildConfigurationList = EBEAEA7C0DD8F82E41743296 /* Build configuration list for PBXNativeTarget "SnapCore" */;
			buildPhases = (
				5D67A03F10FEE62CBF7B5BA2 /* Sources */,
			);
			buildRules = (
			);
			dependencies = (
			);
			name = SnapCore;
			packageProductDependencies = (
			);
			productName = SnapCore;
			productReference = AA9B25669906B0554DE0A646 /* SnapCore.framework */;
			productType = "com.apple.product-type.framework";
		};
/* End PBXNativeTarget section */

/* Begin PBXProject section */
		6CADC6DBC4631149826F24DC /* Project object */ = {
			isa = PBXProject;
			attributes = {
				BuildIndependentTargetsInParallel = YES;
				LastUpgradeCheck = 1430;
				TargetAttributes = {
					3A9812050DDF4A7A46BD21C1 = {
						DevelopmentTeam = 2D79JL74UU;
						ProvisioningStyle = Manual;
					};
					C16BFE401B9A97A9FD64EF24 = {
						DevelopmentTeam = 2D79JL74UU;
						ProvisioningStyle = Manual;
					};
					DC1E87319ADE7FFEA0E6D378 = {
						DevelopmentTeam = 2D79JL74UU;
						ProvisioningStyle = Manual;
					};
				};
			};
			buildConfigurationList = 470B2AFD6FF662354A740D60 /* Build configuration list for PBXProject "RedSnapper" */;
			developmentRegion = en;
			hasScannedForEncodings = 0;
			knownRegions = (
				Base,
				en,
			);
			mainGroup = 58EE7FD449A20A34CFE3314D;
			minimizedProjectReferenceProxies = 1;
			packageReferences = (
				B21EDB512C61AEAF9B1368E2 /* XCRemoteSwiftPackageReference "Sparkle" */,
			);
			preferredProjectObjectVersion = 77;
			productRefGroup = CCC3A6A700E89A4B057F177F /* Products */;
			projectDirPath = "";
			projectRoot = "";
			targets = (
				DC1E87319ADE7FFEA0E6D378 /* SnapCore */,
				C16BFE401B9A97A9FD64EF24 /* RedSnapper */,
				3A9812050DDF4A7A46BD21C1 /* SnapCoreTests */,
			);
		};
/* End PBXProject section */

/* Begin PBXResourcesBuildPhase section */
		9AA0CD3B2BB0596B707CB32C /* Resources */ = {
			isa = PBXResourcesBuildPhase;
			buildActionMask = 2147483647;
			files = (
				07C870E70005B11FF2741ECC /* Assets.xcassets in Resources */,
			);
			runOnlyForDeploymentPostprocessing = 0;
		};
/* End PBXResourcesBuildPhase section */

/* Begin PBXSourcesBuildPhase section */
		5AC9BD6F59B085F2549B5C01 /* Sources */ = {
			isa = PBXSourcesBuildPhase;
			buildActionMask = 2147483647;
			files = (
				BF9EE87B13B1641ABE77BFB2 /* AXWindow.swift in Sources */,
				3ED94D46667C5AFD2CB7741E /* AccessibilityPermission.swift in Sources */,
				A0DFAC5378051830E9A39874 /* AppDelegate.swift in Sources */,
				35568DCB7D94C0AFE8CB5328 /* AppSettings.swift in Sources */,
				18355A0A347D29C56BAC702A /* DragSnapController.swift in Sources */,
				6140C48CE3E31BDF6317F165 /* HUD.swift in Sources */,
				AB802B7ED78066260142BE42 /* HotKeyManager.swift in Sources */,
				CDE46A8256822E202BF9B81C /* MenuBarController.swift in Sources */,
				68D9AA1F62EE72745BB87ED4 /* OnboardingView.swift in Sources */,
				493EE8C5BD2356D8CC521179 /* Screens.swift in Sources */,
				D9F9A028259B1FC28D65A212 /* SettingsView.swift in Sources */,
				54F1ED140049FDF2CD1D6033 /* ShortcutRecorder.swift in Sources */,
				27DCD2D84D7B15FB9C89EFB1 /* SnapPicker.swift in Sources */,
				24287B7066231556029635FF /* SnapPreviewOverlay.swift in Sources */,
				FEC6C4C818AAC82DEA32F1C4 /* TitleBarMenuController.swift in Sources */,
				66D8B0EDE0727F7BD9718891 /* Updater.swift in Sources */,
				D2E63679B3E8F86AE3C711E1 /* WindowManager.swift in Sources */,
				0D106FAEF82DADC76CF861AA /* WindowTracker.swift in Sources */,
			);
			runOnlyForDeploymentPostprocessing = 0;
		};
		5D67A03F10FEE62CBF7B5BA2 /* Sources */ = {
			isa = PBXSourcesBuildPhase;
			buildActionMask = 2147483647;
			files = (
				B39A891CFCAC131C7A8BBDF7 /* CoordinateConverter.swift in Sources */,
				4AF0DE163FDBD7ECFF3EBE7F /* DragRestore.swift in Sources */,
				5B169AABA5CC919128A326D7 /* DragZoneDetector.swift in Sources */,
				5E2B5766941DAE1380447C4A /* GridPlanner.swift in Sources */,
				9931B230148B3B4A48738DDD /* HotKeyModel.swift in Sources */,
				F7FCD98BB12D1498398770FD /* LayoutEngine.swift in Sources */,
				5F6EF6AF99DCB53513457B48 /* PreferencesStore.swift in Sources */,
				70504A69B3B37ED2009DC66A /* SavedLayout.swift in Sources */,
				CF72F7624376FBD919E093FD /* ScreenMath.swift in Sources */,
				60612528E12049031B5BB0B4 /* SnapCycle.swift in Sources */,
				03EC11F3F6298B75C0D6529D /* SnapZone.swift in Sources */,
			);
			runOnlyForDeploymentPostprocessing = 0;
		};
		D1CC109DA8E13CBD20B10F95 /* Sources */ = {
			isa = PBXSourcesBuildPhase;
			buildActionMask = 2147483647;
			files = (
				5DC3BF3ECA1E827205CEB52A /* CoordinateAndScreenTests.swift in Sources */,
				BDBDD3FDD5D4DCD52CF8D44F /* FeatureLogicTests.swift in Sources */,
				E2517D30B0E369D2E2936651 /* GridPlannerTests.swift in Sources */,
				66B901B89E6CDD553EA16DE7 /* LayoutEngineTests.swift in Sources */,
			);
			runOnlyForDeploymentPostprocessing = 0;
		};
/* End PBXSourcesBuildPhase section */

/* Begin PBXTargetDependency section */
		2758E3E101408867C3E1DEFB /* PBXTargetDependency */ = {
			isa = PBXTargetDependency;
			target = DC1E87319ADE7FFEA0E6D378 /* SnapCore */;
			targetProxy = 2E59BB957FCD26F455D0CD77 /* PBXContainerItemProxy */;
		};
		423D38D72FAE4945299E6B8E /* PBXTargetDependency */ = {
			isa = PBXTargetDependency;
			target = DC1E87319ADE7FFEA0E6D378 /* SnapCore */;
			targetProxy = B183C0ED7F4D9F66C778C290 /* PBXContainerItemProxy */;
		};
/* End PBXTargetDependency section */

/* Begin XCBuildConfiguration section */
		1943440FF7BB4AC4363E1969 /* Debug */ = {
			isa = XCBuildConfiguration;
			buildSettings = {
				BUNDLE_LOADER = "$(TEST_HOST)";
				COMBINE_HIDPI_IMAGES = YES;
				GENERATE_INFOPLIST_FILE = YES;
				LD_RUNPATH_SEARCH_PATHS = (
					"$(inherited)",
					"@executable_path/../Frameworks",
					"@loader_path/../Frameworks",
				);
				PRODUCT_BUNDLE_IDENTIFIER = com.csr.RedSnapper.SnapCoreTests;
				SDKROOT = macosx;
			};
			name = Debug;
		};
		401224AE5C6DBAAE1C46527A /* Release */ = {
			isa = XCBuildConfiguration;
			buildSettings = {
				CODE_SIGN_IDENTITY = "";
				COMBINE_HIDPI_IMAGES = YES;
				CURRENT_PROJECT_VERSION = 1;
				DEFINES_MODULE = YES;
				DYLIB_COMPATIBILITY_VERSION = 1;
				DYLIB_CURRENT_VERSION = 1;
				DYLIB_INSTALL_NAME_BASE = "@rpath";
				GENERATE_INFOPLIST_FILE = YES;
				INSTALL_PATH = "$(LOCAL_LIBRARY_DIR)/Frameworks";
				LD_RUNPATH_SEARCH_PATHS = (
					"$(inherited)",
					"@executable_path/../Frameworks",
				);
				PRODUCT_BUNDLE_IDENTIFIER = com.csr.RedSnapper.SnapCore;
				SDKROOT = macosx;
				SKIP_INSTALL = YES;
				VERSIONING_SYSTEM = "apple-generic";
			};
			name = Release;
		};
		878192BA7FC0731EAF975FB6 /* Release */ = {
			isa = XCBuildConfiguration;
			buildSettings = {
				ALWAYS_SEARCH_USER_PATHS = NO;
				CLANG_ANALYZER_NONNULL = YES;
				CLANG_ANALYZER_NUMBER_OBJECT_CONVERSION = YES_AGGRESSIVE;
				CLANG_CXX_LANGUAGE_STANDARD = "gnu++14";
				CLANG_CXX_LIBRARY = "libc++";
				CLANG_ENABLE_MODULES = YES;
				CLANG_ENABLE_OBJC_ARC = YES;
				CLANG_ENABLE_OBJC_WEAK = YES;
				CLANG_WARN_BLOCK_CAPTURE_AUTORELEASING = YES;
				CLANG_WARN_BOOL_CONVERSION = YES;
				CLANG_WARN_COMMA = YES;
				CLANG_WARN_CONSTANT_CONVERSION = YES;
				CLANG_WARN_DEPRECATED_OBJC_IMPLEMENTATIONS = YES;
				CLANG_WARN_DIRECT_OBJC_ISA_USAGE = YES_ERROR;
				CLANG_WARN_DOCUMENTATION_COMMENTS = YES;
				CLANG_WARN_EMPTY_BODY = YES;
				CLANG_WARN_ENUM_CONVERSION = YES;
				CLANG_WARN_INFINITE_RECURSION = YES;
				CLANG_WARN_INT_CONVERSION = YES;
				CLANG_WARN_NON_LITERAL_NULL_CONVERSION = YES;
				CLANG_WARN_OBJC_IMPLICIT_RETAIN_SELF = YES;
				CLANG_WARN_OBJC_LITERAL_CONVERSION = YES;
				CLANG_WARN_OBJC_ROOT_CLASS = YES_ERROR;
				CLANG_WARN_QUOTED_INCLUDE_IN_FRAMEWORK_HEADER = YES;
				CLANG_WARN_RANGE_LOOP_ANALYSIS = YES;
				CLANG_WARN_STRICT_PROTOTYPES = YES;
				CLANG_WARN_SUSPICIOUS_MOVE = YES;
				CLANG_WARN_UNGUARDED_AVAILABILITY = YES_AGGRESSIVE;
				CLANG_WARN_UNREACHABLE_CODE = YES;
				CLANG_WARN__DUPLICATE_METHOD_MATCH = YES;
				CODE_SIGN_IDENTITY = "Apple Development";
				CODE_SIGN_STYLE = Manual;
				COPY_PHASE_STRIP = NO;
				DEBUG_INFORMATION_FORMAT = "dwarf-with-dsym";
				DEVELOPMENT_TEAM = 2D79JL74UU;
				ENABLE_NS_ASSERTIONS = NO;
				ENABLE_STRICT_OBJC_MSGSEND = YES;
				GCC_C_LANGUAGE_STANDARD = gnu11;
				GCC_NO_COMMON_BLOCKS = YES;
				GCC_WARN_64_TO_32_BIT_CONVERSION = YES;
				GCC_WARN_ABOUT_RETURN_TYPE = YES_ERROR;
				GCC_WARN_UNDECLARED_SELECTOR = YES;
				GCC_WARN_UNINITIALIZED_AUTOS = YES_AGGRESSIVE;
				GCC_WARN_UNUSED_FUNCTION = YES;
				GCC_WARN_UNUSED_VARIABLE = YES;
				MACOSX_DEPLOYMENT_TARGET = 14.0;
				MTL_ENABLE_DEBUG_INFO = NO;
				MTL_FAST_MATH = YES;
				PRODUCT_NAME = "$(TARGET_NAME)";
				SDKROOT = macosx;
				SWIFT_COMPILATION_MODE = wholemodule;
				SWIFT_OPTIMIZATION_LEVEL = "-O";
				SWIFT_VERSION = 5.0;
			};
			name = Release;
		};
		A2F2CE010FFA61EE47A340AA /* Release */ = {
			isa = XCBuildConfiguration;
			buildSettings = {
				BUNDLE_LOADER = "$(TEST_HOST)";
				COMBINE_HIDPI_IMAGES = YES;
				GENERATE_INFOPLIST_FILE = YES;
				LD_RUNPATH_SEARCH_PATHS = (
					"$(inherited)",
					"@executable_path/../Frameworks",
					"@loader_path/../Frameworks",
				);
				PRODUCT_BUNDLE_IDENTIFIER = com.csr.RedSnapper.SnapCoreTests;
				SDKROOT = macosx;
			};
			name = Release;
		};
		AAE33997F90EC580FD5DEC09 /* Debug */ = {
			isa = XCBuildConfiguration;
			buildSettings = {
				CODE_SIGN_IDENTITY = "";
				COMBINE_HIDPI_IMAGES = YES;
				CURRENT_PROJECT_VERSION = 1;
				DEFINES_MODULE = YES;
				DYLIB_COMPATIBILITY_VERSION = 1;
				DYLIB_CURRENT_VERSION = 1;
				DYLIB_INSTALL_NAME_BASE = "@rpath";
				GENERATE_INFOPLIST_FILE = YES;
				INSTALL_PATH = "$(LOCAL_LIBRARY_DIR)/Frameworks";
				LD_RUNPATH_SEARCH_PATHS = (
					"$(inherited)",
					"@executable_path/../Frameworks",
				);
				PRODUCT_BUNDLE_IDENTIFIER = com.csr.RedSnapper.SnapCore;
				SDKROOT = macosx;
				SKIP_INSTALL = YES;
				VERSIONING_SYSTEM = "apple-generic";
			};
			name = Debug;
		};
		CF74315D808308D3C31FDBDD /* Debug */ = {
			isa = XCBuildConfiguration;
			buildSettings = {
				ALWAYS_SEARCH_USER_PATHS = NO;
				CLANG_ANALYZER_NONNULL = YES;
				CLANG_ANALYZER_NUMBER_OBJECT_CONVERSION = YES_AGGRESSIVE;
				CLANG_CXX_LANGUAGE_STANDARD = "gnu++14";
				CLANG_CXX_LIBRARY = "libc++";
				CLANG_ENABLE_MODULES = YES;
				CLANG_ENABLE_OBJC_ARC = YES;
				CLANG_ENABLE_OBJC_WEAK = YES;
				CLANG_WARN_BLOCK_CAPTURE_AUTORELEASING = YES;
				CLANG_WARN_BOOL_CONVERSION = YES;
				CLANG_WARN_COMMA = YES;
				CLANG_WARN_CONSTANT_CONVERSION = YES;
				CLANG_WARN_DEPRECATED_OBJC_IMPLEMENTATIONS = YES;
				CLANG_WARN_DIRECT_OBJC_ISA_USAGE = YES_ERROR;
				CLANG_WARN_DOCUMENTATION_COMMENTS = YES;
				CLANG_WARN_EMPTY_BODY = YES;
				CLANG_WARN_ENUM_CONVERSION = YES;
				CLANG_WARN_INFINITE_RECURSION = YES;
				CLANG_WARN_INT_CONVERSION = YES;
				CLANG_WARN_NON_LITERAL_NULL_CONVERSION = YES;
				CLANG_WARN_OBJC_IMPLICIT_RETAIN_SELF = YES;
				CLANG_WARN_OBJC_LITERAL_CONVERSION = YES;
				CLANG_WARN_OBJC_ROOT_CLASS = YES_ERROR;
				CLANG_WARN_QUOTED_INCLUDE_IN_FRAMEWORK_HEADER = YES;
				CLANG_WARN_RANGE_LOOP_ANALYSIS = YES;
				CLANG_WARN_STRICT_PROTOTYPES = YES;
				CLANG_WARN_SUSPICIOUS_MOVE = YES;
				CLANG_WARN_UNGUARDED_AVAILABILITY = YES_AGGRESSIVE;
				CLANG_WARN_UNREACHABLE_CODE = YES;
				CLANG_WARN__DUPLICATE_METHOD_MATCH = YES;
				CODE_SIGN_IDENTITY = "Apple Development";
				CODE_SIGN_STYLE = Manual;
				COPY_PHASE_STRIP = NO;
				DEBUG_INFORMATION_FORMAT = dwarf;
				DEVELOPMENT_TEAM = 2D79JL74UU;
				ENABLE_STRICT_OBJC_MSGSEND = YES;
				ENABLE_TESTABILITY = YES;
				GCC_C_LANGUAGE_STANDARD = gnu11;
				GCC_DYNAMIC_NO_PIC = NO;
				GCC_NO_COMMON_BLOCKS = YES;
				GCC_OPTIMIZATION_LEVEL = 0;
				GCC_PREPROCESSOR_DEFINITIONS = (
					"$(inherited)",
					"DEBUG=1",
				);
				GCC_WARN_64_TO_32_BIT_CONVERSION = YES;
				GCC_WARN_ABOUT_RETURN_TYPE = YES_ERROR;
				GCC_WARN_UNDECLARED_SELECTOR = YES;
				GCC_WARN_UNINITIALIZED_AUTOS = YES_AGGRESSIVE;
				GCC_WARN_UNUSED_FUNCTION = YES;
				GCC_WARN_UNUSED_VARIABLE = YES;
				MACOSX_DEPLOYMENT_TARGET = 14.0;
				MTL_ENABLE_DEBUG_INFO = INCLUDE_SOURCE;
				MTL_FAST_MATH = YES;
				ONLY_ACTIVE_ARCH = YES;
				PRODUCT_NAME = "$(TARGET_NAME)";
				SDKROOT = macosx;
				SWIFT_ACTIVE_COMPILATION_CONDITIONS = DEBUG;
				SWIFT_OPTIMIZATION_LEVEL = "-Onone";
				SWIFT_VERSION = 5.0;
			};
			name = Debug;
		};
		D3F714FC740E90363B139CD0 /* Release */ = {
			isa = XCBuildConfiguration;
			buildSettings = {
				ASSETCATALOG_COMPILER_APPICON_NAME = AppIcon;
				COMBINE_HIDPI_IMAGES = YES;
				CURRENT_PROJECT_VERSION = 1;
				ENABLE_APP_SANDBOX = NO;
				ENABLE_HARDENED_RUNTIME = YES;
				GENERATE_INFOPLIST_FILE = YES;
				INFOPLIST_FILE = RedSnapper/Info.plist;
				INFOPLIST_KEY_CFBundleDisplayName = "RED SNAPPER";
				INFOPLIST_KEY_LSApplicationCategoryType = "public.app-category.productivity";
				INFOPLIST_KEY_LSUIElement = YES;
				INFOPLIST_KEY_NSHumanReadableCopyright = "© 2026 Cesar Peralta";
				LD_RUNPATH_SEARCH_PATHS = (
					"$(inherited)",
					"@executable_path/../Frameworks",
				);
				MARKETING_VERSION = 1.0;
				PRODUCT_BUNDLE_IDENTIFIER = com.csr.RedSnapper;
				PRODUCT_MODULE_NAME = RedSnapper;
				PRODUCT_NAME = "RED SNAPPER";
				SDKROOT = macosx;
			};
			name = Release;
		};
		E502FE44284A4B9BE1B71D34 /* Debug */ = {
			isa = XCBuildConfiguration;
			buildSettings = {
				ASSETCATALOG_COMPILER_APPICON_NAME = AppIcon;
				COMBINE_HIDPI_IMAGES = YES;
				CURRENT_PROJECT_VERSION = 1;
				ENABLE_APP_SANDBOX = NO;
				ENABLE_HARDENED_RUNTIME = YES;
				GENERATE_INFOPLIST_FILE = YES;
				INFOPLIST_FILE = RedSnapper/Info.plist;
				INFOPLIST_KEY_CFBundleDisplayName = "RED SNAPPER";
				INFOPLIST_KEY_LSApplicationCategoryType = "public.app-category.productivity";
				INFOPLIST_KEY_LSUIElement = YES;
				INFOPLIST_KEY_NSHumanReadableCopyright = "© 2026 Cesar Peralta";
				LD_RUNPATH_SEARCH_PATHS = (
					"$(inherited)",
					"@executable_path/../Frameworks",
				);
				MARKETING_VERSION = 1.0;
				PRODUCT_BUNDLE_IDENTIFIER = com.csr.RedSnapper;
				PRODUCT_MODULE_NAME = RedSnapper;
				PRODUCT_NAME = "RED SNAPPER";
				SDKROOT = macosx;
			};
			name = Debug;
		};
/* End XCBuildConfiguration section */

/* Begin XCConfigurationList section */
		31ED3735FCBBD1A4A06ADD19 /* Build configuration list for PBXNativeTarget "RedSnapper" */ = {
			isa = XCConfigurationList;
			buildConfigurations = (
				E502FE44284A4B9BE1B71D34 /* Debug */,
				D3F714FC740E90363B139CD0 /* Release */,
			);
			defaultConfigurationIsVisible = 0;
			defaultConfigurationName = Debug;
		};
		470B2AFD6FF662354A740D60 /* Build configuration list for PBXProject "RedSnapper" */ = {
			isa = XCConfigurationList;
			buildConfigurations = (
				CF74315D808308D3C31FDBDD /* Debug */,
				878192BA7FC0731EAF975FB6 /* Release */,
			);
			defaultConfigurationIsVisible = 0;
			defaultConfigurationName = Debug;
		};
		DEE5E8AA000D88A80480AFE8 /* Build configuration list for PBXNativeTarget "SnapCoreTests" */ = {
			isa = XCConfigurationList;
			buildConfigurations = (
				1943440FF7BB4AC4363E1969 /* Debug */,
				A2F2CE010FFA61EE47A340AA /* Release */,
			);
			defaultConfigurationIsVisible = 0;
			defaultConfigurationName = Debug;
		};
		EBEAEA7C0DD8F82E41743296 /* Build configuration list for PBXNativeTarget "SnapCore" */ = {
			isa = XCConfigurationList;
			buildConfigurations = (
				AAE33997F90EC580FD5DEC09 /* Debug */,
				401224AE5C6DBAAE1C46527A /* Release */,
			);
			defaultConfigurationIsVisible = 0;
			defaultConfigurationName = Debug;
		};
/* End XCConfigurationList section */

/* Begin XCRemoteSwiftPackageReference section */
		B21EDB512C61AEAF9B1368E2 /* XCRemoteSwiftPackageReference "Sparkle" */ = {
			isa = XCRemoteSwiftPackageReference;
			repositoryURL = "https://github.com/sparkle-project/Sparkle";
			requirement = {
				kind = upToNextMajorVersion;
				minimumVersion = 2.10.0;
			};
		};
/* End XCRemoteSwiftPackageReference section */

/* Begin XCSwiftPackageProductDependency section */
		56CBFEA61290597BE8DE0000 /* Sparkle */ = {
			isa = XCSwiftPackageProductDependency;
			package = B21EDB512C61AEAF9B1368E2 /* XCRemoteSwiftPackageReference "Sparkle" */;
			productName = Sparkle;
		};
/* End XCSwiftPackageProductDependency section */
	};
	rootObject = 6CADC6DBC4631149826F24DC /* Project object */;
}
